// !$*UTF8*$!
{
	archiveVersion = 1;
	classes = {
	};
	objectVersion = 51;
	objects = {

/* Begin PBXBuildFile section */
		2B689751FCEC2A30329CDE60 /* Pods_cobaapi.framework in Frameworks */ = {isa = PBXBuildFile; fileRef = 6BA1D9C1845D9930A8A21888 /* Pods_cobaapi.framework */; };
		5026B170260DC83500E41A4B /* AppDelegate.swift in Sources */ = {isa = PBXBuildFile; fileRef = 5026B16F260DC83500E41A4B /* AppDelegate.swift */; };
		5026B172260DC83500E41A4B /* SceneDelegate.swift in Sources */ = {isa = PBXBuildFile; fileRef = 5026B171260DC83500E41A4B /* SceneDelegate.swift */; };
		5026B174260DC83500E41A4B /* ViewController.swift in Sources */ = {isa = PBXBuildFile; fileRef = 5026B173260DC83500E41A4B /* ViewController.swift */; };
		5026B177260DC83500E41A4B /* Main.storyboard in Resources */ = {isa = PBXBuildFile; fileRef = 5026B175260DC83500E41A4B /* Main.storyboard */; };
		5026B179260DC83600E41A4B /* Assets.xcassets in Resources */ = {isa = PBXBuildFile; fileRef = 5026B178260DC83600E41A4B /* Assets.xcassets */; };
		5026B186260DCB6900E41A4B /* jsondata.swift in Sources */ = {isa = PBXBuildFile; fileRef = 5026B185260DCB6900E41A4B /* jsondata.swift */; };
		5026B18C260DCE1700E41A4B /* foursquares.swift in Sources */ = {isa = PBXBuildFile; fileRef = 5026B18B260DCE1700E41A4B /* foursquares.swift */; };
		5026B19B260F13ED00E41A4B /* foursquareDetail.swift in Sources */ = {isa = PBXBuildFile; fileRef = 5026B19A260F13ED00E41A4B /* foursquareDetail.swift */; };
		5026B1A0260F7A3F00E41A4B /* DetailViewController.swift in Sources */ = {isa = PBXBuildFile; fileRef = 5026B19F260F7A3F00E41A4B /* DetailViewController.swift */; };
		5026B1A3260F8E1000E41A4B /* MapViewController.swift in Sources */ = {isa = PBXBuildFile; fileRef = 5026B1A2260F8E1000E41A4B /* MapViewController.swift */; };
		5068C3C62614789800F72EE4 /* FilterViewController.swift in Sources */ = {isa = PBXBuildFile; fileRef = 5068C3C52614789800F72EE4 /* FilterViewController.swift */; };
		5068C3CA2615CAAA00F72EE4 /* anotate.swift in Sources */ = {isa = PBXBuildFile; fileRef = 5068C3C92615CAAA00F72EE4 /* anotate.swift */; };
		5068C3CD2615FF8E00F72EE4 /* TabbarViewController.swift in Sources */ = {isa = PBXBuildFile; fileRef = 5068C3CC2615FF8E00F72EE4 /* TabbarViewController.swift */; };
		5068C3DE261722D800F72EE4 /* FloatMapViewController.swift in Sources */ = {isa = PBXBuildFile; fileRef = 5068C3DD261722D800F72EE4 /* FloatMapViewController.swift */; };
		5083CFE726133E98003AF518 /* RestaurantData.swift in Sources */ = {isa = PBXBuildFile; fileRef = 5083CFE626133E98003AF518 /* RestaurantData.swift */; };
		5083CFEA26134670003AF518 /* restaurant.swift in Sources */ = {isa = PBXBuildFile; fileRef = 5083CFE926134670003AF518 /* restaurant.swift */; };
/* End PBXBuildFile section */

/* Begin PBXFileReference section */
		5026B16C260DC83500E41A4B /* cobaapi.app */ = {isa = PBXFileReference; explicitFileType = wrapper.application; includeInIndex = 0; path = cobaapi.app; sourceTree = BUILT_PRODUCTS_DIR; };
		5026B16F260DC83500E41A4B /* AppDelegate.swift */ = {isa = PBXFileReference; lastKnownFileType = sourcecode.swift; path = AppDelegate.swift; sourceTree = "<group>"; };
		5026B171260DC83500E41A4B /* SceneDelegate.swift */ = {isa = PBXFileReference; lastKnownFileType = sourcecode.swift; path = SceneDelegate.swift; sourceTree = "<group>"; };
		5026B173260DC83500E41A4B /* ViewController.swift */ = {isa = PBXFileReference; lastKnownFileType = sourcecode.swift; path = ViewController.swift; sourceTree = "<group>"; };
		5026B176260DC83500E41A4B /* Base */ = {isa = PBXFileReference; lastKnownFileType = file.storyboard; name = Base; path = Base.lproj/Main.storyboard; sourceTree = "<group>"; };
		5026B178260DC83600E41A4B /* Assets.xcassets */ = {isa = PBXFileReference; lastKnownFileType = folder.assetcatalog; path = Assets.xcassets; sourceTree = "<group>"; };
		5026B17D260DC83600E41A4B /* Info.plist */ = {isa = PBXFileReference; lastKnownFileType = text.plist.xml; path = Info.plist; sourceTree = "<group>"; };
		5026B185260DCB6900E41A4B /* jsondata.swift */ = {isa = PBXFileReference; lastKnownFileType = sourcecode.swift; path = jsondata.swift; sourceTree = "<group>"; };
		5026B18B260DCE1700E41A4B /* foursquares.swift */ = {isa = PBXFileReference; lastKnownFileType = sourcecode.swift; path = foursquares.swift; sourceTree = "<group>"; };
		5026B19A260F13ED00E41A4B /* foursquareDetail.swift */ = {isa = PBXFileReference; lastKnownFileType = sourcecode.swift; path = foursquareDetail.swift; sourceTree = "<group>"; };
		5026B19F260F7A3F00E41A4B /* DetailViewController.swift */ = {isa = PBXFileReference; lastKnownFileType = sourcecode.swift; path = DetailViewController.swift; sourceTree = "<group>"; };
		5026B1A2260F8E1000E41A4B /* MapViewController.swift */ = {isa = PBXFileReference; lastKnownFileType = sourcecode.swift; path = MapViewController.swift; sourceTree = "<group>"; };
		5068C3C52614789800F72EE4 /* FilterViewController.swift */ = {isa = PBXFileReference; lastKnownFileType = sourcecode.swift; path = FilterViewController.swift; sourceTree = "<group>"; };
		5068C3C92615CAAA00F72EE4 /* anotate.swift */ = {isa = PBXFileReference; lastKnownFileType = sourcecode.swift; path = anotate.swift; sourceTree = "<group>"; };
		5068C3CC2615FF8E00F72EE4 /* TabbarViewController.swift */ = {isa = PBXFileReference; lastKnownFileType = sourcecode.swift; path = TabbarViewController.swift; sourceTree = "<group>"; };
		5068C3DD261722D800F72EE4 /* FloatMapViewController.swift */ = {isa = PBXFileReference; lastKnownFileType = sourcecode.swift; path = FloatMapViewController.swift; sourceTree = "<group>"; };
		5083CFE626133E98003AF518 /* RestaurantData.swift */ = {isa = PBXFileReference; lastKnownFileType = sourcecode.swift; path = RestaurantData.swift; sourceTree = "<group>"; };
		5083CFE926134670003AF518 /* restaurant.swift */ = {isa = PBXFileReference; lastKnownFileType = sourcecode.swift; path = restaurant.swift; sourceTree = "<group>"; };
		6BA1D9C1845D9930A8A21888 /* Pods_cobaapi.framework */ = {isa = PBXFileReference; explicitFileType = wrapper.framework; includeInIndex = 0; path = Pods_cobaapi.framework; sourceTree = BUILT_PRODUCTS_DIR; };
		7AFC62909ECA79C9AE694676 /* Pods-cobaapi.release.xcconfig */ = {isa = PBXFileReference; includeInIndex = 1; lastKnownFileType = text.xcconfig; name = "Pods-cobaapi.release.xcconfig"; path = "Target Support Files/Pods-cobaapi/Pods-cobaapi.release.xcconfig"; sourceTree = "<group>"; };
		C6880492CCD02958B456A835 /* Pods-cobaapi.debug.xcconfig */ = {isa = PBXFileReference; includeInIndex = 1; lastKnownFileType = text.xcconfig; name = "Pods-cobaapi.debug.xcconfig"; path = "Target Support Files/Pods-cobaapi/Pods-cobaapi.debug.xcconfig"; sourceTree = "<group>"; };
/* End PBXFileReference section */

/* Begin PBXFrameworksBuildPhase section */
		5026B169260DC83500E41A4B /* Frameworks */ = {
			isa = PBXFrameworksBuildPhase;
			buildActionMask = 2147483647;
			files = (
				2B689751FCEC2A30329CDE60 /* Pods_cobaapi.framework in Frameworks */,
			);
			runOnlyForDeploymentPostprocessing = 0;
		};
/* End PBXFrameworksBuildPhase section */

/* Begin PBXGroup section */
		5026B163260DC83500E41A4B = {
			isa = PBXGroup;
			children = (
				5026B16E260DC83500E41A4B /* cobaapi */,
				5026B16D260DC83500E41A4B /* Products */,
				83D6B1C4F3A13BC9C26DCC84 /* Pods */,
				C4906B1B982FAF7226FD2875 /* Frameworks */,
			);
			sourceTree = "<group>";
		};
		5026B16D260DC83500E41A4B /* Products */ = {
			isa = PBXGroup;
			children = (
				5026B16C260DC83500E41A4B /* cobaapi.app */,
			);
			name = Products;
			sourceTree = "<group>";
		};
		5026B16E260DC83500E41A4B /* cobaapi */ = {
			isa = PBXGroup;
			children = (
				5026B16F260DC83500E41A4B /* AppDelegate.swift */,
				5026B171260DC83500E41A4B /* SceneDelegate.swift */,
				5026B173260DC83500E41A4B /* ViewController.swift */,
				5026B175260DC83500E41A4B /* Main.storyboard */,
				5026B178260DC83600E41A4B /* Assets.xcassets */,
				5026B17D260DC83600E41A4B /* Info.plist */,
				5026B185260DCB6900E41A4B /* jsondata.swift */,
				5026B18B260DCE1700E41A4B /* foursquares.swift */,
				5026B19A260F13ED00E41A4B /* foursquareDetail.swift */,
				5026B19F260F7A3F00E41A4B /* DetailViewController.swift */,
				5026B1A2260F8E1000E41A4B /* MapViewController.swift */,
				5083CFE626133E98003AF518 /* RestaurantData.swift */,
				5083CFE926134670003AF518 /* restaurant.swift */,
				5068C3C52614789800F72EE4 /* FilterViewController.swift */,
				5068C3C92615CAAA00F72EE4 /* anotate.swift */,
				5068C3CC2615FF8E00F72EE4 /* TabbarViewController.swift */,
				5068C3DD261722D800F72EE4 /* FloatMapViewController.swift */,
			);
			path = cobaapi;
			sourceTree = "<group>";
		};
		83D6B1C4F3A13BC9C26DCC84 /* Pods */ = {
			isa = PBXGroup;
			children = (
				C6880492CCD02958B456A835 /* Pods-cobaapi.debug.xcconfig */,
				7AFC62909ECA79C9AE694676 /* Pods-cobaapi.release.xcconfig */,
			);
			path = Pods;
			sourceTree = "<group>";
		};
		C4906B1B982FAF7226FD2875 /* Frameworks */ = {
			isa = PBXGroup;
			children = (
				6BA1D9C1845D9930A8A21888 /* Pods_cobaapi.framework */,
			);
			name = Frameworks;
			sourceTree = "<group>";
		};
/* End PBXGroup section */

/* Begin PBXNativeTarget section */
		5026B16B260DC83500E41A4B /* cobaapi */ = {
			isa = PBXNativeTarget;
			buildConfigurationList = 5026B180260DC83600E41A4B /* Build configuration list for PBXNativeTarget "cobaapi" */;
			buildPhases = (
				1516949DB3B2F29C3BBEE848 /* [CP] Check Pods Manifest.lock */,
				5026B168260DC83500E41A4B /* Sources */,
				5026B169260DC83500E41A4B /* Frameworks */,
				5026B16A260DC83500E41A4B /* Resources */,
				1218ED63BDC9D306595604A9 /* [CP] Embed Pods Frameworks */,
			);
			buildRules = (
			);
			dependencies = (
			);
			name = cobaapi;
			productName = cobaapi;
			productReference = 5026B16C260DC83500E41A4B /* cobaapi.app */;
			productType = "com.apple.product-type.application";
		};
/* End PBXNativeTarget section */

/* Begin PBXProject section */
		5026B164260DC83500E41A4B /* Project object */ = {
			isa = PBXProject;
			attributes = {
				LastSwiftUpdateCheck = 1240;
				LastUpgradeCheck = 1240;
				TargetAttributes = {
					5026B16B260DC83500E41A4B = {
						CreatedOnToolsVersion = 12.4;
					};
				};
			};
			buildConfigurationList = 5026B167260DC83500E41A4B /* Build configuration list for PBXProject "cobaapi" */;
			compatibilityVersion = "Xcode 9.3";
			developmentRegion = en;
			hasScannedForEncodings = 0;
			knownRegions = (
				en,
				Base,
			);
			mainGroup = 5026B163260DC83500E41A4B;
			productRefGroup = 5026B16D260DC83500E41A4B /* Products */;
			projectDirPath = "";
			projectRoot = "";
			targets = (
				5026B16B260DC83500E41A4B /* cobaapi */,
			);
		};
/* End PBXProject section */

/* Begin PBXResourcesBuildPhase section */
		5026B16A260DC83500E41A4B /* Resources */ = {
			isa = PBXResourcesBuildPhase;
			buildActionMask = 2147483647;
			files = (
				5026B179260DC83600E41A4B /* Assets.xcassets in Resources */,
				5026B177260DC83500E41A4B /* Main.storyboard in Resources */,
			);
			runOnlyForDeploymentPostprocessing = 0;
		};
/* End PBXResourcesBuildPhase section */

/* Begin PBXShellScriptBuildPhase section */
		1218ED63BDC9D306595604A9 /* [CP] Embed Pods Frameworks */ = {
			isa = PBXShellScriptBuildPhase;
			buildActionMask = 2147483647;
			files = (
			);
			inputFileListPaths = (
				"${PODS_ROOT}/Target Support Files/Pods-cobaapi/Pods-cobaapi-frameworks-${CONFIGURATION}-input-files.xcfilelist",
			);
			name = "[CP] Embed Pods Frameworks";
			outputFileListPaths = (
				"${PODS_ROOT}/Target Support Files/Pods-cobaapi/Pods-cobaapi-frameworks-${CONFIGURATION}-output-files.xcfilelist",
			);
			runOnlyForDeploymentPostprocessing = 0;
			shellPath = /bin/sh;
			shellScript = "\"${PODS_ROOT}/Target Support Files/Pods-cobaapi/Pods-cobaapi-frameworks.sh\"\n";
			showEnvVarsInLog = 0;
		};
		1516949DB3B2F29C3BBEE848 /* [CP] Check Pods Manifest.lock */ = {
			isa = PBXShellScriptBuildPhase;
			buildActionMask = 2147483647;
			files = (
			);
			inputFileListPaths = (
			);
			inputPaths = (
				"${PODS_PODFILE_DIR_PATH}/Podfile.lock",
				"${PODS_ROOT}/Manifest.lock",
			);
			name = "[CP] Check Pods Manifest.lock";
			outputFileListPaths = (
			);
			outputPaths = (
				"$(DERIVED_FILE_DIR)/Pods-cobaapi-checkManifestLockResult.txt",
			);
			runOnlyForDeploymentPostprocessing = 0;
			shellPath = /bin/sh;
			shellScript = "diff \"${PODS_PODFILE_DIR_PATH}/Podfile.lock\" \"${PODS_ROOT}/Manifest.lock\" > /dev/null\nif [ $? != 0 ] ; then\n    # print error to STDERR\n    echo \"error: The sandbox is not in sync with the Podfile.lock. Run 'pod install' or update your CocoaPods installation.\" >&2\n    exit 1\nfi\n# This output is used by Xcode 'outputs' to avoid re-running this script phase.\necho \"SUCCESS\" > \"${SCRIPT_OUTPUT_FILE_0}\"\n";
			showEnvVarsInLog = 0;
		};
/* End PBXShellScriptBuildPhase section */

/* Begin PBXSourcesBuildPhase section */
		5026B168260DC83500E41A4B /* Sources */ = {
			isa = PBXSourcesBuildPhase;
			buildActionMask = 2147483647;
			files = (
				5083CFEA26134670003AF518 /* restaurant.swift in Sources */,
				5026B18C260DCE1700E41A4B /* foursquares.swift in Sources */,
				5026B174260DC83500E41A4B /* ViewController.swift in Sources */,
				5068C3CD2615FF8E00F72EE4 /* TabbarViewController.swift in Sources */,
				5026B186260DCB6900E41A4B /* jsondata.swift in Sources */,
				5026B170260DC83500E41A4B /* AppDelegate.swift in Sources */,
				5068C3C62614789800F72EE4 /* FilterViewController.swift in Sources */,
				5026B172260DC83500E41A4B /* SceneDelegate.swift in Sources */,
				5083CFE726133E98003AF518 /* RestaurantData.swift in Sources */,
				5068C3CA2615CAAA00F72EE4 /* anotate.swift in Sources */,
				5026B19B260F13ED00E41A4B /* foursquareDetail.swift in Sources */,
				5026B1A0260F7A3F00E41A4B /* DetailViewController.swift in Sources */,
				5068C3DE261722D800F72EE4 /* FloatMapViewController.swift in Sources */,
				5026B1A3260F8E1000E41A4B /* MapViewController.swift in Sources */,
			);
			runOnlyForDeploymentPostprocessing = 0;
		};
/* End PBXSourcesBuildPhase section */

/* Begin PBXVariantGroup section */
		5026B175260DC83500E41A4B /* Main.storyboard */ = {
			isa = PBXVariantGroup;
			children = (
				5026B176260DC83500E41A4B /* Base */,
			);
			name = Main.storyboard;
			sourceTree = "<group>";
		};
/* End PBXVariantGroup section */

/* Begin XCBuildConfiguration section */
		5026B17E260DC83600E41A4B /* Debug */ = {
			isa = XCBuildConfiguration;
			buildSettings = {
				ALWAYS_SEARCH_USER_PATHS = NO;
				CLANG_ANALYZER_NONNULL = YES;
				CLANG_ANALYZER_NUMBER_OBJECT_CONVERSION = YES_AGGRESSIVE;
				CLANG_CXX_LANGUAGE_STANDARD = "gnu++14";
				CLANG_CXX_LIBRARY = "libc++";
				CLANG_ENABLE_MODULES = YES;
				CLANG_ENABLE_OBJC_ARC = YES;
				CLANG_ENABLE_OBJC_WEAK = YES;
				CLANG_WARN_BLOCK_CAPTURE_AUTORELEASING = YES;
				CLANG_WARN_BOOL_CONVERSION = YES;
				CLANG_WARN_COMMA = YES;
				CLANG_WARN_CONSTANT_CONVERSION = YES;
				CLANG_WARN_DEPRECATED_OBJC_IMPLEMENTATIONS = YES;
				CLANG_WARN_DIRECT_OBJC_ISA_USAGE = YES_ERROR;
				CLANG_WARN_DOCUMENTATION_COMMENTS = YES;
				CLANG_WARN_EMPTY_BODY = YES;
				CLANG_WARN_ENUM_CONVERSION = YES;
				CLANG_WARN_INFINITE_RECURSION = YES;
				CLANG_WARN_INT_CONVERSION = YES;
				CLANG_WARN_NON_LITERAL_NULL_CONVERSION = YES;
				CLANG_WARN_OBJC_IMPLICIT_RETAIN_SELF = YES;
				CLANG_WARN_OBJC_LITERAL_CONVERSION = YES;
				CLANG_WARN_OBJC_ROOT_CLASS = YES_ERROR;
				CLANG_WARN_QUOTED_INCLUDE_IN_FRAMEWORK_HEADER = YES;
				CLANG_WARN_RANGE_LOOP_ANALYSIS = YES;
				CLANG_WARN_STRICT_PROTOTYPES = YES;
				CLANG_WARN_SUSPICIOUS_MOVE = YES;
				CLANG_WARN_UNGUARDED_AVAILABILITY = YES_AGGRESSIVE;
				CLANG_WARN_UNREACHABLE_CODE = YES;
				CLANG_WARN__DUPLICATE_METHOD_MATCH = YES;
				COPY_PHASE_STRIP = NO;
				DEBUG_INFORMATION_FORMAT = dwarf;
				ENABLE_STRICT_OBJC_MSGSEND = YES;
				ENABLE_TESTABILITY = YES;
				GCC_C_LANGUAGE_STANDARD = gnu11;
				GCC_DYNAMIC_NO_PIC = NO;
				GCC_NO_COMMON_BLOCKS = YES;
				GCC_OPTIMIZATION_LEVEL = 0;
				GCC_PREPROCESSOR_DEFINITIONS = (
					"DEBUG=1",
					"$(inherited)",
				);
				GCC_WARN_64_TO_32_BIT_CONVERSION = YES;
				GCC_WARN_ABOUT_RETURN_TYPE = YES_ERROR;
				GCC_WARN_UNDECLARED_SELECTOR = YES;
				GCC_WARN_UNINITIALIZED_AUTOS = YES_AGGRESSIVE;
				GCC_WARN_UNUSED_FUNCTION = YES;
				GCC_WARN_UNUSED_VARIABLE = YES;
				IPHONEOS_DEPLOYMENT_TARGET = 14.4;
				MTL_ENABLE_DEBUG_INFO = INCLUDE_SOURCE;
				MTL_FAST_MATH = YES;
				ONLY_ACTIVE_ARCH = YES;
				SDKROOT = iphoneos;
				SWIFT_ACTIVE_COMPILATION_CONDITIONS = DEBUG;
				SWIFT_OPTIMIZATION_LEVEL = "-Onone";
			};
			name = Debug;
		};
		5026B17F260DC83600E41A4B /* Release */ = {
			isa = XCBuildConfiguration;
			buildSettings = {
				ALWAYS_SEARCH_USER_PATHS = NO;
				CLANG_ANALYZER_NONNULL = YES;
				CLANG_ANALYZER_NUMBER_OBJECT_CONVERSION = YES_AGGRESSIVE;
				CLANG_CXX_LANGUAGE_STANDARD = "gnu++14";
				CLANG_CXX_LIBRARY = "libc++";
				CLANG_ENABLE_MODULES = YES;
				CLANG_ENABLE_OBJC_ARC = YES;
				CLANG_ENABLE_OBJC_WEAK = YES;
				CLANG_WARN_BLOCK_CAPTURE_AUTORELEASING = YES;
				CLANG_WARN_BOOL_CONVERSION = YES;
				CLANG_WARN_COMMA = YES;
				CLANG_WARN_CONSTANT_CONVERSION = YES;
				CLANG_WARN_DEPRECATED_OBJC_IMPLEMENTATIONS = YES;
				CLANG_WARN_DIRECT_OBJC_ISA_USAGE = YES_ERROR;
				CLANG_WARN_DOCUMENTATION_COMMENTS = YES;
				CLANG_WARN_EMPTY_BODY = YES;
				CLANG_WARN_ENUM_CONVERSION = YES;
				CLANG_WARN_INFINITE_RECURSION = YES;
				CLANG_WARN_INT_CONVERSION = YES;
				CLANG_WARN_NON_LITERAL_NULL_CONVERSION = YES;
				CLANG_WARN_OBJC_IMPLICIT_RETAIN_SELF = YES;
				CLANG_WARN_OBJC_LITERAL_CONVERSION = YES;
				CLANG_WARN_OBJC_ROOT_CLASS = YES_ERROR;
				CLANG_WARN_QUOTED_INCLUDE_IN_FRAMEWORK_HEADER = YES;
				CLANG_WARN_RANGE_LOOP_ANALYSIS = YES;
				CLANG_WARN_STRICT_PROTOTYPES = YES;
				CLANG_WARN_SUSPICIOUS_MOVE = YES;
				CLANG_WARN_UNGUARDED_AVAILABILITY = YES_AGGRESSIVE;
				CLANG_WARN_UNREACHABLE_CODE = YES;
				CLANG_WARN__DUPLICATE_METHOD_MATCH = YES;
				COPY_PHASE_STRIP = NO;
				DEBUG_INFORMATION_FORMAT = "dwarf-with-dsym";
				ENABLE_NS_ASSERTIONS = NO;
				ENABLE_STRICT_OBJC_MSGSEND = YES;
				GCC_C_LANGUAGE_STANDARD = gnu11;
				GCC_NO_COMMON_BLOCKS = YES;
				GCC_WARN_64_TO_32_BIT_CONVERSION = YES;
				GCC_WARN_ABOUT_RETURN_TYPE = YES_ERROR;
				GCC_WARN_UNDECLARED_SELECTOR = YES;
				GCC_WARN_UNINITIALIZED_AUTOS = YES_AGGRESSIVE;
				GCC_WARN_UNUSED_FUNCTION = YES;
				GCC_WARN_UNUSED_VARIABLE = YES;
				IPHONEOS_DEPLOYMENT_TARGET = 14.4;
				MTL_ENABLE_DEBUG_INFO = NO;
				MTL_FAST_MATH = YES;
				SDKROOT = iphoneos;
				SWIFT_COMPILATION_MODE = wholemodule;
				SWIFT_OPTIMIZATION_LEVEL = "-O";
				VALIDATE_PRODUCT = YES;
			};
			name = Release;
		};
		5026B181260DC83600E41A4B /* Debug */ = {
			isa = XCBuildConfiguration;
			baseConfigurationReference = C6880492CCD02958B456A835 /* Pods-cobaapi.debug.xcconfig */;
			buildSettings = {
				ASSETCATALOG_COMPILER_APPICON_NAME = AppIcon;
				ASSETCATALOG_COMPILER_GLOBAL_ACCENT_COLOR_NAME = AccentColor;
				CODE_SIGN_STYLE = Automatic;
				DEVELOPMENT_TEAM = GSM7T3YNKT;
				INFOPLIST_FILE = cobaapi/Info.plist;
				LD_RUNPATH_SEARCH_PATHS = (
					"$(inherited)",
					"@executable_path/Frameworks",
				);
				PRODUCT_BUNDLE_IDENTIFIER = bevan.cobaapi;
				PRODUCT_NAME = "$(TARGET_NAME)";
				SWIFT_VERSION = 5.0;
				TARGETED_DEVICE_FAMILY = "1,2";
			};
			name = Debug;
		};
		5026B182260DC83600E41A4B /* Release */ = {
			isa = XCBuildConfiguration;
			baseConfigurationReference = 7AFC62909ECA79C9AE694676 /* Pods-cobaapi.release.xcconfig */;
			buildSettings = {
				ASSETCATALOG_COMPILER_APPICON_NAME = AppIcon;
				ASSETCATALOG_COMPILER_GLOBAL_ACCENT_COLOR_NAME = AccentColor;
				CODE_SIGN_STYLE = Automatic;
				DEVELOPMENT_TEAM = GSM7T3YNKT;
				INFOPLIST_FILE = cobaapi/Info.plist;
				LD_RUNPATH_SEARCH_PATHS = (
					"$(inherited)",
					"@executable_path/Frameworks",
				);
				PRODUCT_BUNDLE_IDENTIFIER = bevan.cobaapi;
				PRODUCT_NAME = "$(TARGET_NAME)";
				SWIFT_VERSION = 5.0;
				TARGETED_DEVICE_FAMILY = "1,2";
			};
			name = Release;
		};
/* End XCBuildConfiguration section */

/* Begin XCConfigurationList section */
		5026B167260DC83500E41A4B /* Build configuration list for PBXProject "cobaapi" */ = {
			isa = XCConfigurationList;
			buildConfigurations = (
				5026B17E260DC83600E41A4B /* Debug */,
				5026B17F260DC83600E41A4B /* Release */,
			);
			defaultConfigurationIsVisible = 0;
			defaultConfigurationName = Release;
		};
		5026B180260DC83600E41A4B /* Build configuration list for PBXNativeTarget "cobaapi" */ = {
			isa = XCConfigurationList;
			buildConfigurations = (
				5026B181260DC83600E41A4B /* Debug */,
				5026B182260DC83600E41A4B /* Release */,
			);
			defaultConfigurationIsVisible = 0;
			defaultConfigurationName = Release;
		};
/* End XCConfigurationList section */
	};
	rootObject = 5026B164260DC83500E41A4B /* Project object */;
}
